
Microsoft Visual Studio Solution File, Format Version 12.00
# Visual Studio Version 17
VisualStudioVersion = 17.6.33829.357
MinimumVisualStudioVersion = 10.0.40219.1
Project("{FAE04EC0-301F-11D3-BF4B-00C04F79EFBC}") = "TestConsole", "TestConsole\TestConsole.csproj", "{B1935CAA-C28F-4787-93F5-B5F0CE4A9D2A}"
EndProject
Global
	GlobalSection(SolutionConfigurationPlatforms) = preSolution
		Debug|Any CPU = Debug|Any CPU
		Release|Any CPU = Release|Any CPU
	EndGlobalSection
	GlobalSection(ProjectConfigurationPlatforms) = postSolution
		{B1935CAA-C28F-4787-93F5-B5F0CE4A9D2A}.Debug|Any CPU.ActiveCfg = Debug|Any CPU
		{B1935CAA-C28F-4787-93F5-B5F0CE4A9D2A}.Debug|Any CPU.Build.0 = Debug|Any CPU
		{B1935CAA-C28F-4787-93F5-B5F0CE4A9D2A}.Release|Any CPU.ActiveCfg = Release|Any CPU
		{B1935CAA-C28F-4787-93F5-B5F0CE4A9D2A}.Release|Any CPU.Build.0 = Release|Any CPU
	EndGlobalSection
	GlobalSection(SolutionProperties) = preSolution
		HideSolutionNode = FALSE
	EndGlobalSection
	GlobalSection(ExtensibilityGlobals) = postSolution
		SolutionGuid = {FFF5D18E-FC23-4B90-80C7-4B75B59ABB88}
	EndGlobalSection
EndGlobal
